
Microsoft Visual Studio Solution File, Format Version 12.00
# Visual Studio Version 17
VisualStudioVersion = 17.5.002.0
MinimumVisualStudioVersion = 10.0.40219.1
Project("{9A19103F-16F7-4668-BE54-9A1E7A4F7556}") = "Class_playground", "Class_playground.csproj", "{6A715243-C14E-4653-B109-D8765575BB3D}"
EndProject
Global
	GlobalSection(SolutionConfigurationPlatforms) = preSolution
		Debug|Any CPU = Debug|Any CPU
		Release|Any CPU = Release|Any CPU
	EndGlobalSection
	GlobalSection(ProjectConfigurationPlatforms) = postSolution
		{6A715243-C14E-4653-B109-D8765575BB3D}.Debug|Any CPU.ActiveCfg = Debug|Any CPU
		{6A715243-C14E-4653-B109-D8765575BB3D}.Debug|Any CPU.Build.0 = Debug|Any CPU
		{6A715243-C14E-4653-B109-D8765575BB3D}.Release|Any CPU.ActiveCfg = Release|Any CPU
		{6A715243-C14E-4653-B109-D8765575BB3D}.Release|Any CPU.Build.0 = Release|Any CPU
	EndGlobalSection
	GlobalSection(SolutionProperties) = preSolution
		HideSolutionNode = FALSE
	EndGlobalSection
	GlobalSection(ExtensibilityGlobals) = postSolution
		SolutionGuid = {93C68763-DF1E-470E-ACF4-04371F37DEF8}
	EndGlobalSection
EndGlobal
